
Microsoft Visual Studio Solution File, Format Version 12.00
# Visual Studio Version 16
VisualStudioVersion = 16.0.30711.63
MinimumVisualStudioVersion = 10.0.40219.1
Project("{9A19103F-16F7-4668-BE54-9A1E7A4F7556}") = "FirebaseAuthentication", "FirebaseAuthentication\FirebaseAuthentication.csproj", "{D9C50A9D-4B0C-44B2-A0F1-E99DB404DF2B}"
EndProject
Project("{FAE04EC0-301F-11D3-BF4B-00C04F79EFBC}") = "FirebaseAuthTest", "FirebaseAuthTest\FirebaseAuthTest.csproj", "{4079431F-B753-423A-A9A7-6DB1290CDFB7}"
EndProject
Global
	GlobalSection(SolutionConfigurationPlatforms) = preSolution
		Debug|Any CPU = Debug|Any CPU
		Release|Any CPU = Release|Any CPU
	EndGlobalSection
	GlobalSection(ProjectConfigurationPlatforms) = postSolution
		{D9C50A9D-4B0C-44B2-A0F1-E99DB404DF2B}.Debug|Any CPU.ActiveCfg = Debug|Any CPU
		{D9C50A9D-4B0C-44B2-A0F1-E99DB404DF2B}.Debug|Any CPU.Build.0 = Debug|Any CPU
		{D9C50A9D-4B0C-44B2-A0F1-E99DB404DF2B}.Release|Any CPU.ActiveCfg = Release|Any CPU
		{D9C50A9D-4B0C-44B2-A0F1-E99DB404DF2B}.Release|Any CPU.Build.0 = Release|Any CPU
		{4079431F-B753-423A-A9A7-6DB1290CDFB7}.Debug|Any CPU.ActiveCfg = Debug|Any CPU
		{4079431F-B753-423A-A9A7-6DB1290CDFB7}.Debug|Any CPU.Build.0 = Debug|Any CPU
		{4079431F-B753-423A-A9A7-6DB1290CDFB7}.Release|Any CPU.ActiveCfg = Release|Any CPU
		{4079431F-B753-423A-A9A7-6DB1290CDFB7}.Release|Any CPU.Build.0 = Release|Any CPU
	EndGlobalSection
	GlobalSection(SolutionProperties) = preSolution
		HideSolutionNode = FALSE
	EndGlobalSection
	GlobalSection(ExtensibilityGlobals) = postSolution
		SolutionGuid = {11DFEF2B-5035-497C-989C-8ACC13374154}
	EndGlobalSection
EndGlobal
